
Microsoft Visual Studio Solution File, Format Version 12.00
# Visual Studio Version 17
VisualStudioVersion = 17.9.34701.34
MinimumVisualStudioVersion = 10.0.40219.1
Project("{FAE04EC0-301F-11D3-BF4B-00C04F79EFBC}") = "vending_machine", "vending_machine\vending_machine.csproj", "{5425D9B7-D6EF-4047-8801-BD62886447DE}"
EndProject
Global
	GlobalSection(SolutionConfigurationPlatforms) = preSolution
		Debug|Any CPU = Debug|Any CPU
		Release|Any CPU = Release|Any CPU
	EndGlobalSection
	GlobalSection(ProjectConfigurationPlatforms) = postSolution
		{5425D9B7-D6EF-4047-8801-BD62886447DE}.Debug|Any CPU.ActiveCfg = Debug|Any CPU
		{5425D9B7-D6EF-4047-8801-BD62886447DE}.Debug|Any CPU.Build.0 = Debug|Any CPU
		{5425D9B7-D6EF-4047-8801-BD62886447DE}.Release|Any CPU.ActiveCfg = Release|Any CPU
		{5425D9B7-D6EF-4047-8801-BD62886447DE}.Release|Any CPU.Build.0 = Release|Any CPU
	EndGlobalSection
	GlobalSection(SolutionProperties) = preSolution
		HideSolutionNode = FALSE
	EndGlobalSection
	GlobalSection(ExtensibilityGlobals) = postSolution
		SolutionGuid = {579589F5-8820-4274-8080-156ADC187B76}
	EndGlobalSection
EndGlobal
